
Microsoft Visual Studio Solution File, Format Version 12.00
# Visual Studio Version 16
VisualStudioVersion = 16.0.810.16
MinimumVisualStudioVersion = 10.0.40219.1
Project("{FAE04EC0-301F-11D3-BF4B-00C04F79EFBC}") = "Chat", "Chat.csproj", "{2C0B1F1B-E4C7-4DCD-A9B7-A543F265ED31}"
EndProject
Global
	GlobalSection(SolutionConfigurationPlatforms) = preSolution
		Debug|Any CPU = Debug|Any CPU
		Release|Any CPU = Release|Any CPU
	EndGlobalSection
	GlobalSection(ProjectConfigurationPlatforms) = postSolution
		{2C0B1F1B-E4C7-4DCD-A9B7-A543F265ED31}.Debug|Any CPU.ActiveCfg = Debug|Any CPU
		{2C0B1F1B-E4C7-4DCD-A9B7-A543F265ED31}.Debug|Any CPU.Build.0 = Debug|Any CPU
		{2C0B1F1B-E4C7-4DCD-A9B7-A543F265ED31}.Release|Any CPU.ActiveCfg = Release|Any CPU
		{2C0B1F1B-E4C7-4DCD-A9B7-A543F265ED31}.Release|Any CPU.Build.0 = Release|Any CPU
	EndGlobalSection
	GlobalSection(SolutionProperties) = preSolution
		HideSolutionNode = FALSE
	EndGlobalSection
	GlobalSection(ExtensibilityGlobals) = postSolution
		SolutionGuid = {3A01615E-69A0-4B27-9922-95E706D9CDE5}
	EndGlobalSection
EndGlobal
